{
  "version": "1.2.1",
  "lockfileVersion": 1,
  "requires": true,
  "dependencies": {
    "@better-scroll/core": {
      "version": "2.4.2",
      "resolved": "https://registry.npmjs.org/@better-scroll/core/-/core-2.4.2.tgz",
      "integrity": "sha512-IqVZLnh04YpaEAy9wJDxtFK/stxVQjB9A9Wcr3Uwkj7Av1TtFpin+t/TObl53diNDG5ZJ+vck/OAthphpuugLA==",
      "requires": {
        "@better-scroll/shared-utils": "^2.4.2"
      }
    },
    "@better-scroll/infinity": {
      "version": "2.4.2",
      "resolved": "https://registry.npmjs.org/@better-scroll/infinity/-/infinity-2.4.2.tgz",
      "integrity": "sha512-KGpCWLTyMzcGBT59c3N/JaVauLmi0jG2YZApdnqON+Oz4AJiHnzGkzWc4EJxcxR3Vy+m5Jp91y6xrpsvRmOdIg==",
      "requires": {
        "@better-scroll/core": "^2.4.2"
      }
    },
    "@better-scroll/pull-down": {
      "version": "2.4.2",
      "resolved": "https://registry.npmjs.org/@better-scroll/pull-down/-/pull-down-2.4.2.tgz",
      "integrity": "sha512-bqMLk33o4oesTXIIOteBKHQgfVKjIVvity39TM/MfzkbY1WDBxD+HFS7ySgoqw7Kl2Wiv/U76Wfqzmm6yDdg7Q==",
      "requires": {
        "@better-scroll/core": "^2.4.2"
      }
    },
    "@better-scroll/pull-up": {
      "version": "2.4.2",
      "resolved": "https://registry.npmjs.org/@better-scroll/pull-up/-/pull-up-2.4.2.tgz",
      "integrity": "sha512-07Cke3oa96lN9/inxJZ0ixh0nBbbqxOi2IKcBGtD6dP+susiMcdhgd/c7zNRjXkwlw0vzTNfXTgExIOEWzLHYg==",
      "requires": {
        "@better-scroll/core": "^2.4.2"
      }
    },
    "@better-scroll/shared-utils": {
      "version": "2.4.2",
      "resolved": "https://registry.npmjs.org/@better-scroll/shared-utils/-/shared-utils-2.4.2.tgz",
      "integrity": "sha512-Gy/Jfbpu+hq0u+PcjkTqyXGqAf+0dexTzEZ5IDXEVwJVLmd3cx8A73oTcAZ8QZgk4wSHvlMjXecSaptkhnNPEw=="
    }
  }
}
